
Microsoft Visual Studio Solution File, Format Version 12.00
# Visual Studio Version 16
VisualStudioVersion = 16.0.29911.84
MinimumVisualStudioVersion = 10.0.40219.1
Project("{FAE04EC0-301F-11D3-BF4B-00C04F79EFBC}") = "POC_Jenkins", "POC_Jenkins\POC_Jenkins.csproj", "{032B81F8-CE79-4468-9710-E7E27E9D42DF}"
EndProject
Global
	GlobalSection(SolutionConfigurationPlatforms) = preSolution
		Debug|Any CPU = Debug|Any CPU
		Release|Any CPU = Release|Any CPU
	EndGlobalSection
	GlobalSection(ProjectConfigurationPlatforms) = postSolution
		{032B81F8-CE79-4468-9710-E7E27E9D42DF}.Debug|Any CPU.ActiveCfg = Debug|Any CPU
		{032B81F8-CE79-4468-9710-E7E27E9D42DF}.Debug|Any CPU.Build.0 = Debug|Any CPU
		{032B81F8-CE79-4468-9710-E7E27E9D42DF}.Release|Any CPU.ActiveCfg = Release|Any CPU
		{032B81F8-CE79-4468-9710-E7E27E9D42DF}.Release|Any CPU.Build.0 = Release|Any CPU
	EndGlobalSection
	GlobalSection(SolutionProperties) = preSolution
		HideSolutionNode = FALSE
	EndGlobalSection
	GlobalSection(ExtensibilityGlobals) = postSolution
		SolutionGuid = {DA7C875B-6C6E-4442-9D87-02242B11D52A}
	EndGlobalSection
EndGlobal
